
Microsoft Visual Studio Solution File, Format Version 12.00
# Visual Studio Version 17
VisualStudioVersion = 17.12.35707.178 d17.12
MinimumVisualStudioVersion = 10.0.40219.1
Project("{FAE04EC0-301F-11D3-BF4B-00C04F79EFBC}") = "Lab 7Q1", "Lab 7Q1.csproj", "{80F7459D-D8F3-4F48-B7D3-6A1F35D97DE5}"
EndProject
Project("{FAE04EC0-301F-11D3-BF4B-00C04F79EFBC}") = "Lab7 Q2", "..\Lab7 Q2\Lab7 Q2.csproj", "{5FBC5189-368E-4E3B-B7E7-1AAE43A70989}"
EndProject
Global
	GlobalSection(SolutionConfigurationPlatforms) = preSolution
		Debug|Any CPU = Debug|Any CPU
		Release|Any CPU = Release|Any CPU
	EndGlobalSection
	GlobalSection(ProjectConfigurationPlatforms) = postSolution
		{80F7459D-D8F3-4F48-B7D3-6A1F35D97DE5}.Debug|Any CPU.ActiveCfg = Debug|Any CPU
		{80F7459D-D8F3-4F48-B7D3-6A1F35D97DE5}.Debug|Any CPU.Build.0 = Debug|Any CPU
		{80F7459D-D8F3-4F48-B7D3-6A1F35D97DE5}.Release|Any CPU.ActiveCfg = Release|Any CPU
		{80F7459D-D8F3-4F48-B7D3-6A1F35D97DE5}.Release|Any CPU.Build.0 = Release|Any CPU
		{5FBC5189-368E-4E3B-B7E7-1AAE43A70989}.Debug|Any CPU.ActiveCfg = Debug|Any CPU
		{5FBC5189-368E-4E3B-B7E7-1AAE43A70989}.Debug|Any CPU.Build.0 = Debug|Any CPU
		{5FBC5189-368E-4E3B-B7E7-1AAE43A70989}.Release|Any CPU.ActiveCfg = Release|Any CPU
		{5FBC5189-368E-4E3B-B7E7-1AAE43A70989}.Release|Any CPU.Build.0 = Release|Any CPU
	EndGlobalSection
	GlobalSection(SolutionProperties) = preSolution
		HideSolutionNode = FALSE
	EndGlobalSection
EndGlobal
